// !$*UTF8*$!
{
	archiveVersion = 1;
	classes = {
	};
	objectVersion = 50;
	objects = {

/* Begin PBXBuildFile section */
		C6400CF824E8FB7C00F74F21 /* Node.m in Sources */ = {isa = PBXBuildFile; fileRef = C6400CF724E8FB7C00F74F21 /* Node.m */; };
		C6400CFB24E8FB8700F74F21 /* Snake.m in Sources */ = {isa = PBXBuildFile; fileRef = C6400CFA24E8FB8700F74F21 /* Snake.m */; };
		C6400CFE24E8FB9B00F74F21 /* GameView.m in Sources */ = {isa = PBXBuildFile; fileRef = C6400CFD24E8FB9B00F74F21 /* GameView.m */; };
		C66C162724E4EA54007B9868 /* AppDelegate.m in Sources */ = {isa = PBXBuildFile; fileRef = C66C162624E4EA54007B9868 /* AppDelegate.m */; };
		C66C162A24E4EA54007B9868 /* SceneDelegate.m in Sources */ = {isa = PBXBuildFile; fileRef = C66C162924E4EA54007B9868 /* SceneDelegate.m */; };
		C66C162D24E4EA54007B9868 /* ViewController.m in Sources */ = {isa = PBXBuildFile; fileRef = C66C162C24E4EA54007B9868 /* ViewController.m */; };
		C66C163024E4EA54007B9868 /* Main.storyboard in Resources */ = {isa = PBXBuildFile; fileRef = C66C162E24E4EA54007B9868 /* Main.storyboard */; };
		C66C163224E4EA56007B9868 /* Assets.xcassets in Resources */ = {isa = PBXBuildFile; fileRef = C66C163124E4EA56007B9868 /* Assets.xcassets */; };
		C66C163524E4EA56007B9868 /* LaunchScreen.storyboard in Resources */ = {isa = PBXBuildFile; fileRef = C66C163324E4EA56007B9868 /* LaunchScreen.storyboard */; };
		C66C163824E4EA56007B9868 /* main.m in Sources */ = {isa = PBXBuildFile; fileRef = C66C163724E4EA56007B9868 /* main.m */; };
		C66C164224E4EA56007B9868 /* XSEatSnakeTests.m in Sources */ = {isa = PBXBuildFile; fileRef = C66C164124E4EA56007B9868 /* XSEatSnakeTests.m */; };
		C66C164D24E4EA56007B9868 /* XSEatSnakeUITests.m in Sources */ = {isa = PBXBuildFile; fileRef = C66C164C24E4EA56007B9868 /* XSEatSnakeUITests.m */; };
/* End PBXBuildFile section */

/* Begin PBXContainerItemProxy section */
		C66C163E24E4EA56007B9868 /* PBXContainerItemProxy */ = {
			isa = PBXContainerItemProxy;
			containerPortal = C66C161A24E4EA54007B9868 /* Project object */;
			proxyType = 1;
			remoteGlobalIDString = C66C162124E4EA54007B9868;
			remoteInfo = XSEatSnake;
		};
		C66C164924E4EA56007B9868 /* PBXContainerItemProxy */ = {
			isa = PBXContainerItemProxy;
			containerPortal = C66C161A24E4EA54007B9868 /* Project object */;
			proxyType = 1;
			remoteGlobalIDString = C66C162124E4EA54007B9868;
			remoteInfo = XSEatSnake;
		};
/* End PBXContainerItemProxy section */

/* Begin PBXFileReference section */
		C6400CF624E8FB7C00F74F21 /* Node.h */ = {isa = PBXFileReference; lastKnownFileType = sourcecode.c.h; path = Node.h; sourceTree = "<group>"; };
		C6400CF724E8FB7C00F74F21 /* Node.m */ = {isa = PBXFileReference; lastKnownFileType = sourcecode.c.objc; path = Node.m; sourceTree = "<group>"; };
		C6400CF924E8FB8700F74F21 /* Snake.h */ = {isa = PBXFileReference; lastKnownFileType = sourcecode.c.h; path = Snake.h; sourceTree = "<group>"; };
		C6400CFA24E8FB8700F74F21 /* Snake.m */ = {isa = PBXFileReference; lastKnownFileType = sourcecode.c.objc; path = Snake.m; sourceTree = "<group>"; };
		C6400CFC24E8FB9B00F74F21 /* GameView.h */ = {isa = PBXFileReference; lastKnownFileType = sourcecode.c.h; path = GameView.h; sourceTree = "<group>"; };
		C6400CFD24E8FB9B00F74F21 /* GameView.m */ = {isa = PBXFileReference; lastKnownFileType = sourcecode.c.objc; path = GameView.m; sourceTree = "<group>"; };
		C66C162224E4EA54007B9868 /* XSEatSnake.app */ = {isa = PBXFileReference; explicitFileType = wrapper.application; includeInIndex = 0; path = XSEatSnake.app; sourceTree = BUILT_PRODUCTS_DIR; };
		C66C162524E4EA54007B9868 /* AppDelegate.h */ = {isa = PBXFileReference; lastKnownFileType = sourcecode.c.h; path = AppDelegate.h; sourceTree = "<group>"; };
		C66C162624E4EA54007B9868 /* AppDelegate.m */ = {isa = PBXFileReference; lastKnownFileType = sourcecode.c.objc; path = AppDelegate.m; sourceTree = "<group>"; };
		C66C162824E4EA54007B9868 /* SceneDelegate.h */ = {isa = PBXFileReference; lastKnownFileType = sourcecode.c.h; path = SceneDelegate.h; sourceTree = "<group>"; };
		C66C162924E4EA54007B9868 /* SceneDelegate.m */ = {isa = PBXFileReference; lastKnownFileType = sourcecode.c.objc; path = SceneDelegate.m; sourceTree = "<group>"; };
		C66C162B24E4EA54007B9868 /* ViewController.h */ = {isa = PBXFileReference; lastKnownFileType = sourcecode.c.h; path = ViewController.h; sourceTree = "<group>"; };
		C66C162C24E4EA54007B9868 /* ViewController.m */ = {isa = PBXFileReference; lastKnownFileType = sourcecode.c.objc; path = ViewController.m; sourceTree = "<group>"; };
		C66C162F24E4EA54007B9868 /* Base */ = {isa = PBXFileReference; lastKnownFileType = file.storyboard; name = Base; path = Base.lproj/Main.storyboard; sourceTree = "<group>"; };
		C66C163124E4EA56007B9868 /* Assets.xcassets */ = {isa = PBXFileReference; lastKnownFileType = folder.assetcatalog; path = Assets.xcassets; sourceTree = "<group>"; };
		C66C163424E4EA56007B9868 /* Base */ = {isa = PBXFileReference; lastKnownFileType = file.storyboard; name = Base; path = Base.lproj/LaunchScreen.storyboard; sourceTree = "<group>"; };
		C66C163624E4EA56007B9868 /* Info.plist */ = {isa = PBXFileReference; lastKnownFileType = text.plist.xml; path = Info.plist; sourceTree = "<group>"; };
		C66C163724E4EA56007B9868 /* main.m */ = {isa = PBXFileReference; lastKnownFileType = sourcecode.c.objc; path = main.m; sourceTree = "<group>"; };
		C66C163D24E4EA56007B9868 /* XSEatSnakeTests.xctest */ = {isa = PBXFileReference; explicitFileType = wrapper.cfbundle; includeInIndex = 0; path = XSEatSnakeTests.xctest; sourceTree = BUILT_PRODUCTS_DIR; };
		C66C164124E4EA56007B9868 /* XSEatSnakeTests.m */ = {isa = PBXFileReference; lastKnownFileType = sourcecode.c.objc; path = XSEatSnakeTests.m; sourceTree = "<group>"; };
		C66C164324E4EA56007B9868 /* Info.plist */ = {isa = PBXFileReference; lastKnownFileType = text.plist.xml; path = Info.plist; sourceTree = "<group>"; };
		C66C164824E4EA56007B9868 /* XSEatSnakeUITests.xctest */ = {isa = PBXFileReference; explicitFileType = wrapper.cfbundle; includeInIndex = 0; path = XSEatSnakeUITests.xctest; sourceTree = BUILT_PRODUCTS_DIR; };
		C66C164C24E4EA56007B9868 /* XSEatSnakeUITests.m */ = {isa = PBXFileReference; lastKnownFileType = sourcecode.c.objc; path = XSEatSnakeUITests.m; sourceTree = "<group>"; };
		C66C164E24E4EA56007B9868 /* Info.plist */ = {isa = PBXFileReference; lastKnownFileType = text.plist.xml; path = Info.plist; sourceTree = "<group>"; };
/* End PBXFileReference section */

/* Begin PBXFrameworksBuildPhase section */
		C66C161F24E4EA54007B9868 /* Frameworks */ = {
			isa = PBXFrameworksBuildPhase;
			buildActionMask = 2147483647;
			files = (
			);
			runOnlyForDeploymentPostprocessing = 0;
		};
		C66C163A24E4EA56007B9868 /* Frameworks */ = {
			isa = PBXFrameworksBuildPhase;
			buildActionMask = 2147483647;
			files = (
			);
			runOnlyForDeploymentPostprocessing = 0;
		};
		C66C164524E4EA56007B9868 /* Frameworks */ = {
			isa = PBXFrameworksBuildPhase;
			buildActionMask = 2147483647;
			files = (
			);
			runOnlyForDeploymentPostprocessing = 0;
		};
/* End PBXFrameworksBuildPhase section */

/* Begin PBXGroup section */
		C66C161924E4EA54007B9868 = {
			isa = PBXGroup;
			children = (
				C66C162424E4EA54007B9868 /* XSEatSnake */,
				C66C164024E4EA56007B9868 /* XSEatSnakeTests */,
				C66C164B24E4EA56007B9868 /* XSEatSnakeUITests */,
				C66C162324E4EA54007B9868 /* Products */,
			);
			sourceTree = "<group>";
		};
		C66C162324E4EA54007B9868 /* Products */ = {
			isa = PBXGroup;
			children = (
				C66C162224E4EA54007B9868 /* XSEatSnake.app */,
				C66C163D24E4EA56007B9868 /* XSEatSnakeTests.xctest */,
				C66C164824E4EA56007B9868 /* XSEatSnakeUITests.xctest */,
			);
			name = Products;
			sourceTree = "<group>";
		};
		C66C162424E4EA54007B9868 /* XSEatSnake */ = {
			isa = PBXGroup;
			children = (
				C66C162524E4EA54007B9868 /* AppDelegate.h */,
				C66C162624E4EA54007B9868 /* AppDelegate.m */,
				C66C162824E4EA54007B9868 /* SceneDelegate.h */,
				C66C162924E4EA54007B9868 /* SceneDelegate.m */,
				C66C162B24E4EA54007B9868 /* ViewController.h */,
				C66C162C24E4EA54007B9868 /* ViewController.m */,
				C6400CF624E8FB7C00F74F21 /* Node.h */,
				C6400CF724E8FB7C00F74F21 /* Node.m */,
				C6400CF924E8FB8700F74F21 /* Snake.h */,
				C6400CFA24E8FB8700F74F21 /* Snake.m */,
				C6400CFC24E8FB9B00F74F21 /* GameView.h */,
				C6400CFD24E8FB9B00F74F21 /* GameView.m */,
				C66C162E24E4EA54007B9868 /* Main.storyboard */,
				C66C163124E4EA56007B9868 /* Assets.xcassets */,
				C66C163324E4EA56007B9868 /* LaunchScreen.storyboard */,
				C66C163624E4EA56007B9868 /* Info.plist */,
				C66C163724E4EA56007B9868 /* main.m */,
			);
			path = XSEatSnake;
			sourceTree = "<group>";
		};
		C66C164024E4EA56007B9868 /* XSEatSnakeTests */ = {
			isa = PBXGroup;
			children = (
				C66C164124E4EA56007B9868 /* XSEatSnakeTests.m */,
				C66C164324E4EA56007B9868 /* Info.plist */,
			);
			path = XSEatSnakeTests;
			sourceTree = "<group>";
		};
		C66C164B24E4EA56007B9868 /* XSEatSnakeUITests */ = {
			isa = PBXGroup;
			children = (
				C66C164C24E4EA56007B9868 /* XSEatSnakeUITests.m */,
				C66C164E24E4EA56007B9868 /* Info.plist */,
			);
			path = XSEatSnakeUITests;
			sourceTree = "<group>";
		};
/* End PBXGroup section */

/* Begin PBXNativeTarget section */
		C66C162124E4EA54007B9868 /* XSEatSnake */ = {
			isa = PBXNativeTarget;
			buildConfigurationList = C66C165124E4EA56007B9868 /* Build configuration list for PBXNativeTarget "XSEatSnake" */;
			buildPhases = (
				C66C161E24E4EA54007B9868 /* Sources */,
				C66C161F24E4EA54007B9868 /* Frameworks */,
				C66C162024E4EA54007B9868 /* Resources */,
			);
			buildRules = (
			);
			dependencies = (
			);
			name = XSEatSnake;
			productName = XSEatSnake;
			productReference = C66C162224E4EA54007B9868 /* XSEatSnake.app */;
			productType = "com.apple.product-type.application";
		};
		C66C163C24E4EA56007B9868 /* XSEatSnakeTests */ = {
			isa = PBXNativeTarget;
			buildConfigurationList = C66C165424E4EA56007B9868 /* Build configuration list for PBXNativeTarget "XSEatSnakeTests" */;
			buildPhases = (
				C66C163924E4EA56007B9868 /* Sources */,
				C66C163A24E4EA56007B9868 /* Frameworks */,
				C66C163B24E4EA56007B9868 /* Resources */,
			);
			buildRules = (
			);
			dependencies = (
				C66C163F24E4EA56007B9868 /* PBXTargetDependency */,
			);
			name = XSEatSnakeTests;
			productName = XSEatSnakeTests;
			productReference = C66C163D24E4EA56007B9868 /* XSEatSnakeTests.xctest */;
			productType = "com.apple.product-type.bundle.unit-test";
		};
		C66C164724E4EA56007B9868 /* XSEatSnakeUITests */ = {
			isa = PBXNativeTarget;
			buildConfigurationList = C66C165724E4EA56007B9868 /* Build configuration list for PBXNativeTarget "XSEatSnakeUITests" */;
			buildPhases = (
				C66C164424E4EA56007B9868 /* Sources */,
				C66C164524E4EA56007B9868 /* Frameworks */,
				C66C164624E4EA56007B9868 /* Resources */,
			);
			buildRules = (
			);
			dependencies = (
				C66C164A24E4EA56007B9868 /* PBXTargetDependency */,
			);
			name = XSEatSnakeUITests;
			productName = XSEatSnakeUITests;
			productReference = C66C164824E4EA56007B9868 /* XSEatSnakeUITests.xctest */;
			productType = "com.apple.product-type.bundle.ui-testing";
		};
/* End PBXNativeTarget section */

/* Begin PBXProject section */
		C66C161A24E4EA54007B9868 /* Project object */ = {
			isa = PBXProject;
			attributes = {
				LastUpgradeCheck = 1140;
				ORGANIZATIONNAME = "Musk Ronaldo Ming";
				TargetAttributes = {
					C66C162124E4EA54007B9868 = {
						CreatedOnToolsVersion = 11.4.1;
					};
					C66C163C24E4EA56007B9868 = {
						CreatedOnToolsVersion = 11.4.1;
						TestTargetID = C66C162124E4EA54007B9868;
					};
					C66C164724E4EA56007B9868 = {
						CreatedOnToolsVersion = 11.4.1;
						TestTargetID = C66C162124E4EA54007B9868;
					};
				};
			};
			buildConfigurationList = C66C161D24E4EA54007B9868 /* Build configuration list for PBXProject "XSEatSnake" */;
			compatibilityVersion = "Xcode 9.3";
			developmentRegion = en;
			hasScannedForEncodings = 0;
			knownRegions = (
				en,
				Base,
			);
			mainGroup = C66C161924E4EA54007B9868;
			productRefGroup = C66C162324E4EA54007B9868 /* Products */;
			projectDirPath = "";
			projectRoot = "";
			targets = (
				C66C162124E4EA54007B9868 /* XSEatSnake */,
				C66C163C24E4EA56007B9868 /* XSEatSnakeTests */,
				C66C164724E4EA56007B9868 /* XSEatSnakeUITests */,
			);
		};
/* End PBXProject section */

/* Begin PBXResourcesBuildPhase section */
		C66C162024E4EA54007B9868 /* Resources */ = {
			isa = PBXResourcesBuildPhase;
			buildActionMask = 2147483647;
			files = (
				C66C163524E4EA56007B9868 /* LaunchScreen.storyboard in Resources */,
				C66C163224E4EA56007B9868 /* Assets.xcassets in Resources */,
				C66C163024E4EA54007B9868 /* Main.storyboard in Resources */,
			);
			runOnlyForDeploymentPostprocessing = 0;
		};
		C66C163B24E4EA56007B9868 /* Resources */ = {
			isa = PBXResourcesBuildPhase;
			buildActionMask = 2147483647;
			files = (
			);
			runOnlyForDeploymentPostprocessing = 0;
		};
		C66C164624E4EA56007B9868 /* Resources */ = {
			isa = PBXResourcesBuildPhase;
			buildActionMask = 2147483647;
			files = (
			);
			runOnlyForDeploymentPostprocessing = 0;
		};
/* End PBXResourcesBuildPhase section */

/* Begin PBXSourcesBuildPhase section */
		C66C161E24E4EA54007B9868 /* Sources */ = {
			isa = PBXSourcesBuildPhase;
			buildActionMask = 2147483647;
			files = (
				C6400CFB24E8FB8700F74F21 /* Snake.m in Sources */,
				C6400CF824E8FB7C00F74F21 /* Node.m in Sources */,
				C66C162D24E4EA54007B9868 /* ViewController.m in Sources */,
				C66C162724E4EA54007B9868 /* AppDelegate.m in Sources */,
				C66C163824E4EA56007B9868 /* main.m in Sources */,
				C66C162A24E4EA54007B9868 /* SceneDelegate.m in Sources */,
				C6400CFE24E8FB9B00F74F21 /* GameView.m in Sources */,
			);
			runOnlyForDeploymentPostprocessing = 0;
		};
		C66C163924E4EA56007B9868 /* Sources */ = {
			isa = PBXSourcesBuildPhase;
			buildActionMask = 2147483647;
			files = (
				C66C164224E4EA56007B9868 /* XSEatSnakeTests.m in Sources */,
			);
			runOnlyForDeploymentPostprocessing = 0;
		};
		C66C164424E4EA56007B9868 /* Sources */ = {
			isa = PBXSourcesBuildPhase;
			buildActionMask = 2147483647;
			files = (
				C66C164D24E4EA56007B9868 /* XSEatSnakeUITests.m in Sources */,
			);
			runOnlyForDeploymentPostprocessing = 0;
		};
/* End PBXSourcesBuildPhase section */

/* Begin PBXTargetDependency section */
		C66C163F24E4EA56007B9868 /* PBXTargetDependency */ = {
			isa = PBXTargetDependency;
			target = C66C162124E4EA54007B9868 /* XSEatSnake */;
			targetProxy = C66C163E24E4EA56007B9868 /* PBXContainerItemProxy */;
		};
		C66C164A24E4EA56007B9868 /* PBXTargetDependency */ = {
			isa = PBXTargetDependency;
			target = C66C162124E4EA54007B9868 /* XSEatSnake */;
			targetProxy = C66C164924E4EA56007B9868 /* PBXContainerItemProxy */;
		};
/* End PBXTargetDependency section */

/* Begin PBXVariantGroup section */
		C66C162E24E4EA54007B9868 /* Main.storyboard */ = {
			isa = PBXVariantGroup;
			children = (
				C66C162F24E4EA54007B9868 /* Base */,
			);
			name = Main.storyboard;
			sourceTree = "<group>";
		};
		C66C163324E4EA56007B9868 /* LaunchScreen.storyboard */ = {
			isa = PBXVariantGroup;
			children = (
				C66C163424E4EA56007B9868 /* Base */,
			);
			name = LaunchScreen.storyboard;
			sourceTree = "<group>";
		};
/* End PBXVariantGroup section */

/* Begin XCBuildConfiguration section */
		C66C164F24E4EA56007B9868 /* Debug */ = {
			isa = XCBuildConfiguration;
			buildSettings = {
				ALWAYS_SEARCH_USER_PATHS = NO;
				CLANG_ANALYZER_NONNULL = YES;
				CLANG_ANALYZER_NUMBER_OBJECT_CONVERSION = YES_AGGRESSIVE;
				CLANG_CXX_LANGUAGE_STANDARD = "gnu++14";
				CLANG_CXX_LIBRARY = "libc++";
				CLANG_ENABLE_MODULES = YES;
				CLANG_ENABLE_OBJC_ARC = YES;
				CLANG_ENABLE_OBJC_WEAK = YES;
				CLANG_WARN_BLOCK_CAPTURE_AUTORELEASING = YES;
				CLANG_WARN_BOOL_CONVERSION = YES;
				CLANG_WARN_COMMA = YES;
				CLANG_WARN_CONSTANT_CONVERSION = YES;
				CLANG_WARN_DEPRECATED_OBJC_IMPLEMENTATIONS = YES;
				CLANG_WARN_DIRECT_OBJC_ISA_USAGE = YES_ERROR;
				CLANG_WARN_DOCUMENTATION_COMMENTS = YES;
				CLANG_WARN_EMPTY_BODY = YES;
				CLANG_WARN_ENUM_CONVERSION = YES;
				CLANG_WARN_INFINITE_RECURSION = YES;
				CLANG_WARN_INT_CONVERSION = YES;
				CLANG_WARN_NON_LITERAL_NULL_CONVERSION = YES;
				CLANG_WARN_OBJC_IMPLICIT_RETAIN_SELF = YES;
				CLANG_WARN_OBJC_LITERAL_CONVERSION = YES;
				CLANG_WARN_OBJC_ROOT_CLASS = YES_ERROR;
				CLANG_WARN_RANGE_LOOP_ANALYSIS = YES;
				CLANG_WARN_STRICT_PROTOTYPES = YES;
				CLANG_WARN_SUSPICIOUS_MOVE = YES;
				CLANG_WARN_UNGUARDED_AVAILABILITY = YES_AGGRESSIVE;
				CLANG_WARN_UNREACHABLE_CODE = YES;
				CLANG_WARN__DUPLICATE_METHOD_MATCH = YES;
				COPY_PHASE_STRIP = NO;
				DEBUG_INFORMATION_FORMAT = dwarf;
				ENABLE_STRICT_OBJC_MSGSEND = YES;
				ENABLE_TESTABILITY = YES;
				GCC_C_LANGUAGE_STANDARD = gnu11;
				GCC_DYNAMIC_NO_PIC = NO;
				GCC_NO_COMMON_BLOCKS = YES;
				GCC_OPTIMIZATION_LEVEL = 0;
				GCC_PREPROCESSOR_DEFINITIONS = (
					"DEBUG=1",
					"$(inherited)",
				);
				GCC_WARN_64_TO_32_BIT_CONVERSION = YES;
				GCC_WARN_ABOUT_RETURN_TYPE = YES_ERROR;
				GCC_WARN_UNDECLARED_SELECTOR = YES;
				GCC_WARN_UNINITIALIZED_AUTOS = YES_AGGRESSIVE;
				GCC_WARN_UNUSED_FUNCTION = YES;
				GCC_WARN_UNUSED_VARIABLE = YES;
				IPHONEOS_DEPLOYMENT_TARGET = 13.4;
				MTL_ENABLE_DEBUG_INFO = INCLUDE_SOURCE;
				MTL_FAST_MATH = YES;
				ONLY_ACTIVE_ARCH = YES;
				SDKROOT = iphoneos;
			};
			name = Debug;
		};
		C66C165024E4EA56007B9868 /* Release */ = {
			isa = XCBuildConfiguration;
			buildSettings = {
				ALWAYS_SEARCH_USER_PATHS = NO;
				CLANG_ANALYZER_NONNULL = YES;
				CLANG_ANALYZER_NUMBER_OBJECT_CONVERSION = YES_AGGRESSIVE;
				CLANG_CXX_LANGUAGE_STANDARD = "gnu++14";
				CLANG_CXX_LIBRARY = "libc++";
				CLANG_ENABLE_MODULES = YES;
				CLANG_ENABLE_OBJC_ARC = YES;
				CLANG_ENABLE_OBJC_WEAK = YES;
				CLANG_WARN_BLOCK_CAPTURE_AUTORELEASING = YES;
				CLANG_WARN_BOOL_CONVERSION = YES;
				CLANG_WARN_COMMA = YES;
				CLANG_WARN_CONSTANT_CONVERSION = YES;
				CLANG_WARN_DEPRECATED_OBJC_IMPLEMENTATIONS = YES;
				CLANG_WARN_DIRECT_OBJC_ISA_USAGE = YES_ERROR;
				CLANG_WARN_DOCUMENTATION_COMMENTS = YES;
				CLANG_WARN_EMPTY_BODY = YES;
				CLANG_WARN_ENUM_CONVERSION = YES;
				CLANG_WARN_INFINITE_RECURSION = YES;
				CLANG_WARN_INT_CONVERSION = YES;
				CLANG_WARN_NON_LITERAL_NULL_CONVERSION = YES;
				CLANG_WARN_OBJC_IMPLICIT_RETAIN_SELF = YES;
				CLANG_WARN_OBJC_LITERAL_CONVERSION = YES;
				CLANG_WARN_OBJC_ROOT_CLASS = YES_ERROR;
				CLANG_WARN_RANGE_LOOP_ANALYSIS = YES;
				CLANG_WARN_STRICT_PROTOTYPES = YES;
				CLANG_WARN_SUSPICIOUS_MOVE = YES;
				CLANG_WARN_UNGUARDED_AVAILABILITY = YES_AGGRESSIVE;
				CLANG_WARN_UNREACHABLE_CODE = YES;
				CLANG_WARN__DUPLICATE_METHOD_MATCH = YES;
				COPY_PHASE_STRIP = NO;
				DEBUG_INFORMATION_FORMAT = "dwarf-with-dsym";
				ENABLE_NS_ASSERTIONS = NO;
				ENABLE_STRICT_OBJC_MSGSEND = YES;
				GCC_C_LANGUAGE_STANDARD = gnu11;
				GCC_NO_COMMON_BLOCKS = YES;
				GCC_WARN_64_TO_32_BIT_CONVERSION = YES;
				GCC_WARN_ABOUT_RETURN_TYPE = YES_ERROR;
				GCC_WARN_UNDECLARED_SELECTOR = YES;
				GCC_WARN_UNINITIALIZED_AUTOS = YES_AGGRESSIVE;
				GCC_WARN_UNUSED_FUNCTION = YES;
				GCC_WARN_UNUSED_VARIABLE = YES;
				IPHONEOS_DEPLOYMENT_TARGET = 13.4;
				MTL_ENABLE_DEBUG_INFO = NO;
				MTL_FAST_MATH = YES;
				SDKROOT = iphoneos;
				VALIDATE_PRODUCT = YES;
			};
			name = Release;
		};
		C66C165224E4EA56007B9868 /* Debug */ = {
			isa = XCBuildConfiguration;
			buildSettings = {
				ASSETCATALOG_COMPILER_APPICON_NAME = AppIcon;
				CODE_SIGN_STYLE = Automatic;
				INFOPLIST_FILE = XSEatSnake/Info.plist;
				IPHONEOS_DEPLOYMENT_TARGET = 13.0;
				LD_RUNPATH_SEARCH_PATHS = (
					"$(inherited)",
					"@executable_path/Frameworks",
				);
				PRODUCT_BUNDLE_IDENTIFIER = dsafadsfdas.XSEatSnake;
				PRODUCT_NAME = "$(TARGET_NAME)";
				TARGETED_DEVICE_FAMILY = "1,2";
			};
			name = Debug;
		};
		C66C165324E4EA56007B9868 /* Release */ = {
			isa = XCBuildConfiguration;
			buildSettings = {
				ASSETCATALOG_COMPILER_APPICON_NAME = AppIcon;
				CODE_SIGN_STYLE = Automatic;
				INFOPLIST_FILE = XSEatSnake/Info.plist;
				IPHONEOS_DEPLOYMENT_TARGET = 13.0;
				LD_RUNPATH_SEARCH_PATHS = (
					"$(inherited)",
					"@executable_path/Frameworks",
				);
				PRODUCT_BUNDLE_IDENTIFIER = dsafadsfdas.XSEatSnake;
				PRODUCT_NAME = "$(TARGET_NAME)";
				TARGETED_DEVICE_FAMILY = "1,2";
			};
			name = Release;
		};
		C66C165524E4EA56007B9868 /* Debug */ = {
			isa = XCBuildConfiguration;
			buildSettings = {
				BUNDLE_LOADER = "$(TEST_HOST)";
				CODE_SIGN_STYLE = Automatic;
				INFOPLIST_FILE = XSEatSnakeTests/Info.plist;
				IPHONEOS_DEPLOYMENT_TARGET = 13.4;
				LD_RUNPATH_SEARCH_PATHS = (
					"$(inherited)",
					"@executable_path/Frameworks",
					"@loader_path/Frameworks",
				);
				PRODUCT_BUNDLE_IDENTIFIER = dsafadsfdas.XSEatSnakeTests;
				PRODUCT_NAME = "$(TARGET_NAME)";
				TARGETED_DEVICE_FAMILY = "1,2";
				TEST_HOST = "$(BUILT_PRODUCTS_DIR)/XSEatSnake.app/XSEatSnake";
			};
			name = Debug;
		};
		C66C165624E4EA56007B9868 /* Release */ = {
			isa = XCBuildConfiguration;
			buildSettings = {
				BUNDLE_LOADER = "$(TEST_HOST)";
				CODE_SIGN_STYLE = Automatic;
				INFOPLIST_FILE = XSEatSnakeTests/Info.plist;
				IPHONEOS_DEPLOYMENT_TARGET = 13.4;
				LD_RUNPATH_SEARCH_PATHS = (
					"$(inherited)",
					"@executable_path/Frameworks",
					"@loader_path/Frameworks",
				);
				PRODUCT_BUNDLE_IDENTIFIER = dsafadsfdas.XSEatSnakeTests;
				PRODUCT_NAME = "$(TARGET_NAME)";
				TARGETED_DEVICE_FAMILY = "1,2";
				TEST_HOST = "$(BUILT_PRODUCTS_DIR)/XSEatSnake.app/XSEatSnake";
			};
			name = Release;
		};
		C66C165824E4EA56007B9868 /* Debug */ = {
			isa = XCBuildConfiguration;
			buildSettings = {
				CODE_SIGN_STYLE = Automatic;
				INFOPLIST_FILE = XSEatSnakeUITests/Info.plist;
				LD_RUNPATH_SEARCH_PATHS = (
					"$(inherited)",
					"@executable_path/Frameworks",
					"@loader_path/Frameworks",
				);
				PRODUCT_BUNDLE_IDENTIFIER = dsafadsfdas.XSEatSnakeUITests;
				PRODUCT_NAME = "$(TARGET_NAME)";
				TARGETED_DEVICE_FAMILY = "1,2";
				TEST_TARGET_NAME = XSEatSnake;
			};
			name = Debug;
		};
		C66C165924E4EA56007B9868 /* Release */ = {
			isa = XCBuildConfiguration;
			buildSettings = {
				CODE_SIGN_STYLE = Automatic;
				INFOPLIST_FILE = XSEatSnakeUITests/Info.plist;
				LD_RUNPATH_SEARCH_PATHS = (
					"$(inherited)",
					"@executable_path/Frameworks",
					"@loader_path/Frameworks",
				);
				PRODUCT_BUNDLE_IDENTIFIER = dsafadsfdas.XSEatSnakeUITests;
				PRODUCT_NAME = "$(TARGET_NAME)";
				TARGETED_DEVICE_FAMILY = "1,2";
				TEST_TARGET_NAME = XSEatSnake;
			};
			name = Release;
		};
/* End XCBuildConfiguration section */

/* Begin XCConfigurationList section */
		C66C161D24E4EA54007B9868 /* Build configuration list for PBXProject "XSEatSnake" */ = {
			isa = XCConfigurationList;
			buildConfigurations = (
				C66C164F24E4EA56007B9868 /* Debug */,
				C66C165024E4EA56007B9868 /* Release */,
			);
			defaultConfigurationIsVisible = 0;
			defaultConfigurationName = Release;
		};
		C66C165124E4EA56007B9868 /* Build configuration list for PBXNativeTarget "XSEatSnake" */ = {
			isa = XCConfigurationList;
			buildConfigurations = (
				C66C165224E4EA56007B9868 /* Debug */,
				C66C165324E4EA56007B9868 /* Release */,
			);
			defaultConfigurationIsVisible = 0;
			defaultConfigurationName = Release;
		};
		C66C165424E4EA56007B9868 /* Build configuration list for PBXNativeTarget "XSEatSnakeTests" */ = {
			isa = XCConfigurationList;
			buildConfigurations = (
				C66C165524E4EA56007B9868 /* Debug */,
				C66C165624E4EA56007B9868 /* Release */,
			);
			defaultConfigurationIsVisible = 0;
			defaultConfigurationName = Release;
		};
		C66C165724E4EA56007B9868 /* Build configuration list for PBXNativeTarget "XSEatSnakeUITests" */ = {
			isa = XCConfigurationList;
			buildConfigurations = (
				C66C165824E4EA56007B9868 /* Debug */,
				C66C165924E4EA56007B9868 /* Release */,
			);
			defaultConfigurationIsVisible = 0;
			defaultConfigurationName = Release;
		};
/* End XCConfigurationList section */
	};
	rootObject = C66C161A24E4EA54007B9868 /* Project object */;
}
